
Microsoft Visual Studio Solution File, Format Version 12.00
# Visual Studio 2013
VisualStudioVersion = 12.0.30501.0
MinimumVisualStudioVersion = 10.0.40219.1
Project("{8BC9CEB8-8B4A-11D0-8D11-00A0C91BC942}") = "GeeksForGeeks_DS_List", "GeeksForGeeks_DS\GeeksForGeeks_DS.vcxproj", "{D90B2E9E-D497-4BC5-9751-1E34FABFEAE0}"
EndProject
Project("{8BC9CEB8-8B4A-11D0-8D11-00A0C91BC942}") = "middle_node_find", "middle_node_find\middle_node_find.vcxproj", "{3DB51D4C-A294-4E90-BE0F-5B047A20895F}"
EndProject
Project("{8BC9CEB8-8B4A-11D0-8D11-00A0C91BC942}") = "give_only_one_pointer_delete", "give_only_one_pointer_delete\give_only_one_pointer_delete.vcxproj", "{E5FA16A9-DFF7-4D82-9C8A-09D3677A65EB}"
EndProject
Project("{8BC9CEB8-8B4A-11D0-8D11-00A0C91BC942}") = "Stack_Array_Implementation", "Stack_Array_Implementation\Stack_Array_Implementation.vcxproj", "{DC80CB80-3239-4DE2-859A-FAB6E38B4E66}"
EndProject
Project("{8BC9CEB8-8B4A-11D0-8D11-00A0C91BC942}") = "Stack_List_Implementation", "Stack_List_Implementation\Stack_List_Implementation.vcxproj", "{6463B945-9F98-4EF2-A682-B2CC180A18C1}"
EndProject
Project("{8BC9CEB8-8B4A-11D0-8D11-00A0C91BC942}") = "Infix_to_Postfix", "Infix_to_Postfix\Infix_to_Postfix.vcxproj", "{D2AA81FE-11E2-48D9-8473-3CAC70569614}"
EndProject
Project("{8BC9CEB8-8B4A-11D0-8D11-00A0C91BC942}") = "Queue_Array_implementation", "Queue_array_implementation\Queue_array_implementation.vcxproj", "{4CF5A058-3845-45F2-A1E4-6058062D3C3C}"
EndProject
Project("{8BC9CEB8-8B4A-11D0-8D11-00A0C91BC942}") = "Queue_List_implementation", "Queue_List_implementation\Queue_List_implementation.vcxproj", "{1CC4FC5B-9D87-4B49-BC15-E8675E54E3C9}"
EndProject
Project("{8BC9CEB8-8B4A-11D0-8D11-00A0C91BC942}") = "BinaryTree_introduction", "BinaryTree_introduction\BinaryTree_introduction.vcxproj", "{53DCE2FA-5031-47E0-BC4C-233B7EA47A58}"
EndProject
Project("{8BC9CEB8-8B4A-11D0-8D11-00A0C91BC942}") = "Tree_Traversal", "Tree_Traversal\Tree_Traversal.vcxproj", "{B85A05AF-A521-4304-B04D-C2BE42971900}"
EndProject
Project("{8BC9CEB8-8B4A-11D0-8D11-00A0C91BC942}") = "Thread_binarytree", "Thread_binarytree\Thread_binarytree.vcxproj", "{522AF2BA-68EB-4BAC-BB63-CA6580077FFE}"
EndProject
Project("{8BC9CEB8-8B4A-11D0-8D11-00A0C91BC942}") = "calculate_size_btree", "calculate_size_btree\calculate_size_btree.vcxproj", "{EAF5B4AA-D3AF-4A26-8594-B306267043E7}"
EndProject
Project("{8BC9CEB8-8B4A-11D0-8D11-00A0C91BC942}") = "determine_tree_identical", "determine_tree_identical\determine_tree_identical.vcxproj", "{F15BD95E-1339-4955-BE34-BA9873A3CEC2}"
EndProject
Global
	GlobalSection(SolutionConfigurationPlatforms) = preSolution
		Debug|Win32 = Debug|Win32
		Release|Win32 = Release|Win32
	EndGlobalSection
	GlobalSection(ProjectConfigurationPlatforms) = postSolution
		{D90B2E9E-D497-4BC5-9751-1E34FABFEAE0}.Debug|Win32.ActiveCfg = Debug|Win32
		{D90B2E9E-D497-4BC5-9751-1E34FABFEAE0}.Debug|Win32.Build.0 = Debug|Win32
		{D90B2E9E-D497-4BC5-9751-1E34FABFEAE0}.Release|Win32.ActiveCfg = Release|Win32
		{D90B2E9E-D497-4BC5-9751-1E34FABFEAE0}.Release|Win32.Build.0 = Release|Win32
		{3DB51D4C-A294-4E90-BE0F-5B047A20895F}.Debug|Win32.ActiveCfg = Debug|Win32
		{3DB51D4C-A294-4E90-BE0F-5B047A20895F}.Debug|Win32.Build.0 = Debug|Win32
		{3DB51D4C-A294-4E90-BE0F-5B047A20895F}.Release|Win32.ActiveCfg = Release|Win32
		{3DB51D4C-A294-4E90-BE0F-5B047A20895F}.Release|Win32.Build.0 = Release|Win32
		{E5FA16A9-DFF7-4D82-9C8A-09D3677A65EB}.Debug|Win32.ActiveCfg = Debug|Win32
		{E5FA16A9-DFF7-4D82-9C8A-09D3677A65EB}.Debug|Win32.Build.0 = Debug|Win32
		{E5FA16A9-DFF7-4D82-9C8A-09D3677A65EB}.Release|Win32.ActiveCfg = Release|Win32
		{E5FA16A9-DFF7-4D82-9C8A-09D3677A65EB}.Release|Win32.Build.0 = Release|Win32
		{DC80CB80-3239-4DE2-859A-FAB6E38B4E66}.Debug|Win32.ActiveCfg = Debug|Win32
		{DC80CB80-3239-4DE2-859A-FAB6E38B4E66}.Debug|Win32.Build.0 = Debug|Win32
		{DC80CB80-3239-4DE2-859A-FAB6E38B4E66}.Release|Win32.ActiveCfg = Release|Win32
		{DC80CB80-3239-4DE2-859A-FAB6E38B4E66}.Release|Win32.Build.0 = Release|Win32
		{6463B945-9F98-4EF2-A682-B2CC180A18C1}.Debug|Win32.ActiveCfg = Debug|Win32
		{6463B945-9F98-4EF2-A682-B2CC180A18C1}.Debug|Win32.Build.0 = Debug|Win32
		{6463B945-9F98-4EF2-A682-B2CC180A18C1}.Release|Win32.ActiveCfg = Release|Win32
		{6463B945-9F98-4EF2-A682-B2CC180A18C1}.Release|Win32.Build.0 = Release|Win32
		{D2AA81FE-11E2-48D9-8473-3CAC70569614}.Debug|Win32.ActiveCfg = Debug|Win32
		{D2AA81FE-11E2-48D9-8473-3CAC70569614}.Debug|Win32.Build.0 = Debug|Win32
		{D2AA81FE-11E2-48D9-8473-3CAC70569614}.Release|Win32.ActiveCfg = Release|Win32
		{D2AA81FE-11E2-48D9-8473-3CAC70569614}.Release|Win32.Build.0 = Release|Win32
		{4CF5A058-3845-45F2-A1E4-6058062D3C3C}.Debug|Win32.ActiveCfg = Debug|Win32
		{4CF5A058-3845-45F2-A1E4-6058062D3C3C}.Debug|Win32.Build.0 = Debug|Win32
		{4CF5A058-3845-45F2-A1E4-6058062D3C3C}.Release|Win32.ActiveCfg = Release|Win32
		{4CF5A058-3845-45F2-A1E4-6058062D3C3C}.Release|Win32.Build.0 = Release|Win32
		{1CC4FC5B-9D87-4B49-BC15-E8675E54E3C9}.Debug|Win32.ActiveCfg = Debug|Win32
		{1CC4FC5B-9D87-4B49-BC15-E8675E54E3C9}.Debug|Win32.Build.0 = Debug|Win32
		{1CC4FC5B-9D87-4B49-BC15-E8675E54E3C9}.Release|Win32.ActiveCfg = Release|Win32
		{1CC4FC5B-9D87-4B49-BC15-E8675E54E3C9}.Release|Win32.Build.0 = Release|Win32
		{53DCE2FA-5031-47E0-BC4C-233B7EA47A58}.Debug|Win32.ActiveCfg = Debug|Win32
		{53DCE2FA-5031-47E0-BC4C-233B7EA47A58}.Debug|Win32.Build.0 = Debug|Win32
		{53DCE2FA-5031-47E0-BC4C-233B7EA47A58}.Release|Win32.ActiveCfg = Release|Win32
		{53DCE2FA-5031-47E0-BC4C-233B7EA47A58}.Release|Win32.Build.0 = Release|Win32
		{B85A05AF-A521-4304-B04D-C2BE42971900}.Debug|Win32.ActiveCfg = Debug|Win32
		{B85A05AF-A521-4304-B04D-C2BE42971900}.Debug|Win32.Build.0 = Debug|Win32
		{B85A05AF-A521-4304-B04D-C2BE42971900}.Release|Win32.ActiveCfg = Release|Win32
		{B85A05AF-A521-4304-B04D-C2BE42971900}.Release|Win32.Build.0 = Release|Win32
		{522AF2BA-68EB-4BAC-BB63-CA6580077FFE}.Debug|Win32.ActiveCfg = Debug|Win32
		{522AF2BA-68EB-4BAC-BB63-CA6580077FFE}.Debug|Win32.Build.0 = Debug|Win32
		{522AF2BA-68EB-4BAC-BB63-CA6580077FFE}.Release|Win32.ActiveCfg = Release|Win32
		{522AF2BA-68EB-4BAC-BB63-CA6580077FFE}.Release|Win32.Build.0 = Release|Win32
		{EAF5B4AA-D3AF-4A26-8594-B306267043E7}.Debug|Win32.ActiveCfg = Debug|Win32
		{EAF5B4AA-D3AF-4A26-8594-B306267043E7}.Debug|Win32.Build.0 = Debug|Win32
		{EAF5B4AA-D3AF-4A26-8594-B306267043E7}.Release|Win32.ActiveCfg = Release|Win32
		{EAF5B4AA-D3AF-4A26-8594-B306267043E7}.Release|Win32.Build.0 = Release|Win32
		{F15BD95E-1339-4955-BE34-BA9873A3CEC2}.Debug|Win32.ActiveCfg = Debug|Win32
		{F15BD95E-1339-4955-BE34-BA9873A3CEC2}.Debug|Win32.Build.0 = Debug|Win32
		{F15BD95E-1339-4955-BE34-BA9873A3CEC2}.Release|Win32.ActiveCfg = Release|Win32
		{F15BD95E-1339-4955-BE34-BA9873A3CEC2}.Release|Win32.Build.0 = Release|Win32
	EndGlobalSection
	GlobalSection(SolutionProperties) = preSolution
		HideSolutionNode = FALSE
	EndGlobalSection
EndGlobal
